
Microsoft Visual Studio Solution File, Format Version 12.00
# Visual Studio Version 17
VisualStudioVersion = 17.6.33815.320
MinimumVisualStudioVersion = 10.0.40219.1
Project("{FAE04EC0-301F-11D3-BF4B-00C04F79EFBC}") = "aleApi", "aleApi\aleApi.csproj", "{6B09EEE1-712B-4520-A55B-1950E2BEF744}"
EndProject
Global
	GlobalSection(SolutionConfigurationPlatforms) = preSolution
		Debug|Any CPU = Debug|Any CPU
		Release|Any CPU = Release|Any CPU
	EndGlobalSection
	GlobalSection(ProjectConfigurationPlatforms) = postSolution
		{6B09EEE1-712B-4520-A55B-1950E2BEF744}.Debug|Any CPU.ActiveCfg = Debug|Any CPU
		{6B09EEE1-712B-4520-A55B-1950E2BEF744}.Debug|Any CPU.Build.0 = Debug|Any CPU
		{6B09EEE1-712B-4520-A55B-1950E2BEF744}.Release|Any CPU.ActiveCfg = Release|Any CPU
		{6B09EEE1-712B-4520-A55B-1950E2BEF744}.Release|Any CPU.Build.0 = Release|Any CPU
	EndGlobalSection
	GlobalSection(SolutionProperties) = preSolution
		HideSolutionNode = FALSE
	EndGlobalSection
	GlobalSection(ExtensibilityGlobals) = postSolution
		SolutionGuid = {E063042B-24CB-4794-9F47-5C4E37C55145}
	EndGlobalSection
EndGlobal
